
Microsoft Visual Studio Solution File, Format Version 12.00
# Visual Studio Version 16
VisualStudioVersion = 16.0.34601.136
MinimumVisualStudioVersion = 10.0.40219.1
Project("{FAE04EC0-301F-11D3-BF4B-00C04F79EFBC}") = "ChangeFileUtility", "ChangeFileUtility\ChangeFileUtility.csproj", "{6375648A-3D70-494D-95D2-21391DC0565E}"
EndProject
Global
	GlobalSection(SolutionConfigurationPlatforms) = preSolution
		Debug|Any CPU = Debug|Any CPU
		Release|Any CPU = Release|Any CPU
	EndGlobalSection
	GlobalSection(ProjectConfigurationPlatforms) = postSolution
		{6375648A-3D70-494D-95D2-21391DC0565E}.Debug|Any CPU.ActiveCfg = Debug|Any CPU
		{6375648A-3D70-494D-95D2-21391DC0565E}.Debug|Any CPU.Build.0 = Debug|Any CPU
		{6375648A-3D70-494D-95D2-21391DC0565E}.Release|Any CPU.ActiveCfg = Release|Any CPU
		{6375648A-3D70-494D-95D2-21391DC0565E}.Release|Any CPU.Build.0 = Release|Any CPU
	EndGlobalSection
	GlobalSection(SolutionProperties) = preSolution
		HideSolutionNode = FALSE
	EndGlobalSection
	GlobalSection(ExtensibilityGlobals) = postSolution
		SolutionGuid = {02A567F4-75C2-483D-85F4-81591E7FC51C}
	EndGlobalSection
EndGlobal
